// !$*UTF8*$!
{
	archiveVersion = 1;
	classes = {
	};
	objectVersion = 50;
	objects = {

/* Begin PBXBuildFile section */
		D409E32726BA215300ECBE55 /* AppDelegate.swift in Sources */ = {isa = PBXBuildFile; fileRef = D409E32626BA215300ECBE55 /* AppDelegate.swift */; };
		D409E32926BA215300ECBE55 /* SceneDelegate.swift in Sources */ = {isa = PBXBuildFile; fileRef = D409E32826BA215300ECBE55 /* SceneDelegate.swift */; };
		D409E32B26BA215300ECBE55 /* ViewController.swift in Sources */ = {isa = PBXBuildFile; fileRef = D409E32A26BA215300ECBE55 /* ViewController.swift */; };
		D409E32E26BA215300ECBE55 /* Main.storyboard in Resources */ = {isa = PBXBuildFile; fileRef = D409E32C26BA215300ECBE55 /* Main.storyboard */; };
		D409E33026BA215600ECBE55 /* Assets.xcassets in Resources */ = {isa = PBXBuildFile; fileRef = D409E32F26BA215600ECBE55 /* Assets.xcassets */; };
		D409E33326BA215600ECBE55 /* LaunchScreen.storyboard in Resources */ = {isa = PBXBuildFile; fileRef = D409E33126BA215600ECBE55 /* LaunchScreen.storyboard */; };
		D409E33E26BA215700ECBE55 /* AppCachorroTests.swift in Sources */ = {isa = PBXBuildFile; fileRef = D409E33D26BA215700ECBE55 /* AppCachorroTests.swift */; };
		D409E34926BA215700ECBE55 /* AppCachorroUITests.swift in Sources */ = {isa = PBXBuildFile; fileRef = D409E34826BA215700ECBE55 /* AppCachorroUITests.swift */; };
/* End PBXBuildFile section */

/* Begin PBXContainerItemProxy section */
		D409E33A26BA215700ECBE55 /* PBXContainerItemProxy */ = {
			isa = PBXContainerItemProxy;
			containerPortal = D409E31B26BA215200ECBE55 /* Project object */;
			proxyType = 1;
			remoteGlobalIDString = D409E32226BA215200ECBE55;
			remoteInfo = AppCachorro;
		};
		D409E34526BA215700ECBE55 /* PBXContainerItemProxy */ = {
			isa = PBXContainerItemProxy;
			containerPortal = D409E31B26BA215200ECBE55 /* Project object */;
			proxyType = 1;
			remoteGlobalIDString = D409E32226BA215200ECBE55;
			remoteInfo = AppCachorro;
		};
/* End PBXContainerItemProxy section */

/* Begin PBXFileReference section */
		D409E32326BA215200ECBE55 /* AppCachorro.app */ = {isa = PBXFileReference; explicitFileType = wrapper.application; includeInIndex = 0; path = AppCachorro.app; sourceTree = BUILT_PRODUCTS_DIR; };
		D409E32626BA215300ECBE55 /* AppDelegate.swift */ = {isa = PBXFileReference; lastKnownFileType = sourcecode.swift; path = AppDelegate.swift; sourceTree = "<group>"; };
		D409E32826BA215300ECBE55 /* SceneDelegate.swift */ = {isa = PBXFileReference; lastKnownFileType = sourcecode.swift; path = SceneDelegate.swift; sourceTree = "<group>"; };
		D409E32A26BA215300ECBE55 /* ViewController.swift */ = {isa = PBXFileReference; lastKnownFileType = sourcecode.swift; path = ViewController.swift; sourceTree = "<group>"; };
		D409E32D26BA215300ECBE55 /* Base */ = {isa = PBXFileReference; lastKnownFileType = file.storyboard; name = Base; path = Base.lproj/Main.storyboard; sourceTree = "<group>"; };
		D409E32F26BA215600ECBE55 /* Assets.xcassets */ = {isa = PBXFileReference; lastKnownFileType = folder.assetcatalog; path = Assets.xcassets; sourceTree = "<group>"; };
		D409E33226BA215600ECBE55 /* Base */ = {isa = PBXFileReference; lastKnownFileType = file.storyboard; name = Base; path = Base.lproj/LaunchScreen.storyboard; sourceTree = "<group>"; };
		D409E33426BA215600ECBE55 /* Info.plist */ = {isa = PBXFileReference; lastKnownFileType = text.plist.xml; path = Info.plist; sourceTree = "<group>"; };
		D409E33926BA215700ECBE55 /* AppCachorroTests.xctest */ = {isa = PBXFileReference; explicitFileType = wrapper.cfbundle; includeInIndex = 0; path = AppCachorroTests.xctest; sourceTree = BUILT_PRODUCTS_DIR; };
		D409E33D26BA215700ECBE55 /* AppCachorroTests.swift */ = {isa = PBXFileReference; lastKnownFileType = sourcecode.swift; path = AppCachorroTests.swift; sourceTree = "<group>"; };
		D409E33F26BA215700ECBE55 /* Info.plist */ = {isa = PBXFileReference; lastKnownFileType = text.plist.xml; path = Info.plist; sourceTree = "<group>"; };
		D409E34426BA215700ECBE55 /* AppCachorroUITests.xctest */ = {isa = PBXFileReference; explicitFileType = wrapper.cfbundle; includeInIndex = 0; path = AppCachorroUITests.xctest; sourceTree = BUILT_PRODUCTS_DIR; };
		D409E34826BA215700ECBE55 /* AppCachorroUITests.swift */ = {isa = PBXFileReference; lastKnownFileType = sourcecode.swift; path = AppCachorroUITests.swift; sourceTree = "<group>"; };
		D409E34A26BA215700ECBE55 /* Info.plist */ = {isa = PBXFileReference; lastKnownFileType = text.plist.xml; path = Info.plist; sourceTree = "<group>"; };
/* End PBXFileReference section */

/* Begin PBXFrameworksBuildPhase section */
		D409E32026BA215200ECBE55 /* Frameworks */ = {
			isa = PBXFrameworksBuildPhase;
			buildActionMask = 2147483647;
			files = (
			);
			runOnlyForDeploymentPostprocessing = 0;
		};
		D409E33626BA215700ECBE55 /* Frameworks */ = {
			isa = PBXFrameworksBuildPhase;
			buildActionMask = 2147483647;
			files = (
			);
			runOnlyForDeploymentPostprocessing = 0;
		};
		D409E34126BA215700ECBE55 /* Frameworks */ = {
			isa = PBXFrameworksBuildPhase;
			buildActionMask = 2147483647;
			files = (
			);
			runOnlyForDeploymentPostprocessing = 0;
		};
/* End PBXFrameworksBuildPhase section */

/* Begin PBXGroup section */
		D409E31A26BA215200ECBE55 = {
			isa = PBXGroup;
			children = (
				D409E32526BA215200ECBE55 /* AppCachorro */,
				D409E33C26BA215700ECBE55 /* AppCachorroTests */,
				D409E34726BA215700ECBE55 /* AppCachorroUITests */,
				D409E32426BA215200ECBE55 /* Products */,
			);
			sourceTree = "<group>";
		};
		D409E32426BA215200ECBE55 /* Products */ = {
			isa = PBXGroup;
			children = (
				D409E32326BA215200ECBE55 /* AppCachorro.app */,
				D409E33926BA215700ECBE55 /* AppCachorroTests.xctest */,
				D409E34426BA215700ECBE55 /* AppCachorroUITests.xctest */,
			);
			name = Products;
			sourceTree = "<group>";
		};
		D409E32526BA215200ECBE55 /* AppCachorro */ = {
			isa = PBXGroup;
			children = (
				D409E32626BA215300ECBE55 /* AppDelegate.swift */,
				D409E32826BA215300ECBE55 /* SceneDelegate.swift */,
				D409E32A26BA215300ECBE55 /* ViewController.swift */,
				D409E32C26BA215300ECBE55 /* Main.storyboard */,
				D409E32F26BA215600ECBE55 /* Assets.xcassets */,
				D409E33126BA215600ECBE55 /* LaunchScreen.storyboard */,
				D409E33426BA215600ECBE55 /* Info.plist */,
			);
			path = AppCachorro;
			sourceTree = "<group>";
		};
		D409E33C26BA215700ECBE55 /* AppCachorroTests */ = {
			isa = PBXGroup;
			children = (
				D409E33D26BA215700ECBE55 /* AppCachorroTests.swift */,
				D409E33F26BA215700ECBE55 /* Info.plist */,
			);
			path = AppCachorroTests;
			sourceTree = "<group>";
		};
		D409E34726BA215700ECBE55 /* AppCachorroUITests */ = {
			isa = PBXGroup;
			children = (
				D409E34826BA215700ECBE55 /* AppCachorroUITests.swift */,
				D409E34A26BA215700ECBE55 /* Info.plist */,
			);
			path = AppCachorroUITests;
			sourceTree = "<group>";
		};
/* End PBXGroup section */

/* Begin PBXNativeTarget section */
		D409E32226BA215200ECBE55 /* AppCachorro */ = {
			isa = PBXNativeTarget;
			buildConfigurationList = D409E34D26BA215700ECBE55 /* Build configuration list for PBXNativeTarget "AppCachorro" */;
			buildPhases = (
				D409E31F26BA215200ECBE55 /* Sources */,
				D409E32026BA215200ECBE55 /* Frameworks */,
				D409E32126BA215200ECBE55 /* Resources */,
			);
			buildRules = (
			);
			dependencies = (
			);
			name = AppCachorro;
			productName = AppCachorro;
			productReference = D409E32326BA215200ECBE55 /* AppCachorro.app */;
			productType = "com.apple.product-type.application";
		};
		D409E33826BA215700ECBE55 /* AppCachorroTests */ = {
			isa = PBXNativeTarget;
			buildConfigurationList = D409E35026BA215700ECBE55 /* Build configuration list for PBXNativeTarget "AppCachorroTests" */;
			buildPhases = (
				D409E33526BA215700ECBE55 /* Sources */,
				D409E33626BA215700ECBE55 /* Frameworks */,
				D409E33726BA215700ECBE55 /* Resources */,
			);
			buildRules = (
			);
			dependencies = (
				D409E33B26BA215700ECBE55 /* PBXTargetDependency */,
			);
			name = AppCachorroTests;
			productName = AppCachorroTests;
			productReference = D409E33926BA215700ECBE55 /* AppCachorroTests.xctest */;
			productType = "com.apple.product-type.bundle.unit-test";
		};
		D409E34326BA215700ECBE55 /* AppCachorroUITests */ = {
			isa = PBXNativeTarget;
			buildConfigurationList = D409E35326BA215700ECBE55 /* Build configuration list for PBXNativeTarget "AppCachorroUITests" */;
			buildPhases = (
				D409E34026BA215700ECBE55 /* Sources */,
				D409E34126BA215700ECBE55 /* Frameworks */,
				D409E34226BA215700ECBE55 /* Resources */,
			);
			buildRules = (
			);
			dependencies = (
				D409E34626BA215700ECBE55 /* PBXTargetDependency */,
			);
			name = AppCachorroUITests;
			productName = AppCachorroUITests;
			productReference = D409E34426BA215700ECBE55 /* AppCachorroUITests.xctest */;
			productType = "com.apple.product-type.bundle.ui-testing";
		};
/* End PBXNativeTarget section */

/* Begin PBXProject section */
		D409E31B26BA215200ECBE55 /* Project object */ = {
			isa = PBXProject;
			attributes = {
				LastSwiftUpdateCheck = 1250;
				LastUpgradeCheck = 1250;
				TargetAttributes = {
					D409E32226BA215200ECBE55 = {
						CreatedOnToolsVersion = 12.5.1;
					};
					D409E33826BA215700ECBE55 = {
						CreatedOnToolsVersion = 12.5.1;
						TestTargetID = D409E32226BA215200ECBE55;
					};
					D409E34326BA215700ECBE55 = {
						CreatedOnToolsVersion = 12.5.1;
						TestTargetID = D409E32226BA215200ECBE55;
					};
				};
			};
			buildConfigurationList = D409E31E26BA215200ECBE55 /* Build configuration list for PBXProject "AppCachorro" */;
			compatibilityVersion = "Xcode 9.3";
			developmentRegion = en;
			hasScannedForEncodings = 0;
			knownRegions = (
				en,
				Base,
			);
			mainGroup = D409E31A26BA215200ECBE55;
			productRefGroup = D409E32426BA215200ECBE55 /* Products */;
			projectDirPath = "";
			projectRoot = "";
			targets = (
				D409E32226BA215200ECBE55 /* AppCachorro */,
				D409E33826BA215700ECBE55 /* AppCachorroTests */,
				D409E34326BA215700ECBE55 /* AppCachorroUITests */,
			);
		};
/* End PBXProject section */

/* Begin PBXResourcesBuildPhase section */
		D409E32126BA215200ECBE55 /* Resources */ = {
			isa = PBXResourcesBuildPhase;
			buildActionMask = 2147483647;
			files = (
				D409E33326BA215600ECBE55 /* LaunchScreen.storyboard in Resources */,
				D409E33026BA215600ECBE55 /* Assets.xcassets in Resources */,
				D409E32E26BA215300ECBE55 /* Main.storyboard in Resources */,
			);
			runOnlyForDeploymentPostprocessing = 0;
		};
		D409E33726BA215700ECBE55 /* Resources */ = {
			isa = PBXResourcesBuildPhase;
			buildActionMask = 2147483647;
			files = (
			);
			runOnlyForDeploymentPostprocessing = 0;
		};
		D409E34226BA215700ECBE55 /* Resources */ = {
			isa = PBXResourcesBuildPhase;
			buildActionMask = 2147483647;
			files = (
			);
			runOnlyForDeploymentPostprocessing = 0;
		};
/* End PBXResourcesBuildPhase section */

/* Begin PBXSourcesBuildPhase section */
		D409E31F26BA215200ECBE55 /* Sources */ = {
			isa = PBXSourcesBuildPhase;
			buildActionMask = 2147483647;
			files = (
				D409E32B26BA215300ECBE55 /* ViewController.swift in Sources */,
				D409E32726BA215300ECBE55 /* AppDelegate.swift in Sources */,
				D409E32926BA215300ECBE55 /* SceneDelegate.swift in Sources */,
			);
			runOnlyForDeploymentPostprocessing = 0;
		};
		D409E33526BA215700ECBE55 /* Sources */ = {
			isa = PBXSourcesBuildPhase;
			buildActionMask = 2147483647;
			files = (
				D409E33E26BA215700ECBE55 /* AppCachorroTests.swift in Sources */,
			);
			runOnlyForDeploymentPostprocessing = 0;
		};
		D409E34026BA215700ECBE55 /* Sources */ = {
			isa = PBXSourcesBuildPhase;
			buildActionMask = 2147483647;
			files = (
				D409E34926BA215700ECBE55 /* AppCachorroUITests.swift in Sources */,
			);
			runOnlyForDeploymentPostprocessing = 0;
		};
/* End PBXSourcesBuildPhase section */

/* Begin PBXTargetDependency section */
		D409E33B26BA215700ECBE55 /* PBXTargetDependency */ = {
			isa = PBXTargetDependency;
			target = D409E32226BA215200ECBE55 /* AppCachorro */;
			targetProxy = D409E33A26BA215700ECBE55 /* PBXContainerItemProxy */;
		};
		D409E34626BA215700ECBE55 /* PBXTargetDependency */ = {
			isa = PBXTargetDependency;
			target = D409E32226BA215200ECBE55 /* AppCachorro */;
			targetProxy = D409E34526BA215700ECBE55 /* PBXContainerItemProxy */;
		};
/* End PBXTargetDependency section */

/* Begin PBXVariantGroup section */
		D409E32C26BA215300ECBE55 /* Main.storyboard */ = {
			isa = PBXVariantGroup;
			children = (
				D409E32D26BA215300ECBE55 /* Base */,
			);
			name = Main.storyboard;
			sourceTree = "<group>";
		};
		D409E33126BA215600ECBE55 /* LaunchScreen.storyboard */ = {
			isa = PBXVariantGroup;
			children = (
				D409E33226BA215600ECBE55 /* Base */,
			);
			name = LaunchScreen.storyboard;
			sourceTree = "<group>";
		};
/* End PBXVariantGroup section */

/* Begin XCBuildConfiguration section */
		D409E34B26BA215700ECBE55 /* Debug */ = {
			isa = XCBuildConfiguration;
			buildSettings = {
				ALWAYS_SEARCH_USER_PATHS = NO;
				CLANG_ANALYZER_NONNULL = YES;
				CLANG_ANALYZER_NUMBER_OBJECT_CONVERSION = YES_AGGRESSIVE;
				CLANG_CXX_LANGUAGE_STANDARD = "gnu++14";
				CLANG_CXX_LIBRARY = "libc++";
				CLANG_ENABLE_MODULES = YES;
				CLANG_ENABLE_OBJC_ARC = YES;
				CLANG_ENABLE_OBJC_WEAK = YES;
				CLANG_WARN_BLOCK_CAPTURE_AUTORELEASING = YES;
				CLANG_WARN_BOOL_CONVERSION = YES;
				CLANG_WARN_COMMA = YES;
				CLANG_WARN_CONSTANT_CONVERSION = YES;
				CLANG_WARN_DEPRECATED_OBJC_IMPLEMENTATIONS = YES;
				CLANG_WARN_DIRECT_OBJC_ISA_USAGE = YES_ERROR;
				CLANG_WARN_DOCUMENTATION_COMMENTS = YES;
				CLANG_WARN_EMPTY_BODY = YES;
				CLANG_WARN_ENUM_CONVERSION = YES;
				CLANG_WARN_INFINITE_RECURSION = YES;
				CLANG_WARN_INT_CONVERSION = YES;
				CLANG_WARN_NON_LITERAL_NULL_CONVERSION = YES;
				CLANG_WARN_OBJC_IMPLICIT_RETAIN_SELF = YES;
				CLANG_WARN_OBJC_LITERAL_CONVERSION = YES;
				CLANG_WARN_OBJC_ROOT_CLASS = YES_ERROR;
				CLANG_WARN_QUOTED_INCLUDE_IN_FRAMEWORK_HEADER = YES;
				CLANG_WARN_RANGE_LOOP_ANALYSIS = YES;
				CLANG_WARN_STRICT_PROTOTYPES = YES;
				CLANG_WARN_SUSPICIOUS_MOVE = YES;
				CLANG_WARN_UNGUARDED_AVAILABILITY = YES_AGGRESSIVE;
				CLANG_WARN_UNREACHABLE_CODE = YES;
				CLANG_WARN__DUPLICATE_METHOD_MATCH = YES;
				COPY_PHASE_STRIP = NO;
				DEBUG_INFORMATION_FORMAT = dwarf;
				ENABLE_STRICT_OBJC_MSGSEND = YES;
				ENABLE_TESTABILITY = YES;
				GCC_C_LANGUAGE_STANDARD = gnu11;
				GCC_DYNAMIC_NO_PIC = NO;
				GCC_NO_COMMON_BLOCKS = YES;
				GCC_OPTIMIZATION_LEVEL = 0;
				GCC_PREPROCESSOR_DEFINITIONS = (
					"DEBUG=1",
					"$(inherited)",
				);
				GCC_WARN_64_TO_32_BIT_CONVERSION = YES;
				GCC_WARN_ABOUT_RETURN_TYPE = YES_ERROR;
				GCC_WARN_UNDECLARED_SELECTOR = YES;
				GCC_WARN_UNINITIALIZED_AUTOS = YES_AGGRESSIVE;
				GCC_WARN_UNUSED_FUNCTION = YES;
				GCC_WARN_UNUSED_VARIABLE = YES;
				IPHONEOS_DEPLOYMENT_TARGET = 14.5;
				MTL_ENABLE_DEBUG_INFO = INCLUDE_SOURCE;
				MTL_FAST_MATH = YES;
				ONLY_ACTIVE_ARCH = YES;
				SDKROOT = iphoneos;
				SWIFT_ACTIVE_COMPILATION_CONDITIONS = DEBUG;
				SWIFT_OPTIMIZATION_LEVEL = "-Onone";
			};
			name = Debug;
		};
		D409E34C26BA215700ECBE55 /* Release */ = {
			isa = XCBuildConfiguration;
			buildSettings = {
				ALWAYS_SEARCH_USER_PATHS = NO;
				CLANG_ANALYZER_NONNULL = YES;
				CLANG_ANALYZER_NUMBER_OBJECT_CONVERSION = YES_AGGRESSIVE;
				CLANG_CXX_LANGUAGE_STANDARD = "gnu++14";
				CLANG_CXX_LIBRARY = "libc++";
				CLANG_ENABLE_MODULES = YES;
				CLANG_ENABLE_OBJC_ARC = YES;
				CLANG_ENABLE_OBJC_WEAK = YES;
				CLANG_WARN_BLOCK_CAPTURE_AUTORELEASING = YES;
				CLANG_WARN_BOOL_CONVERSION = YES;
				CLANG_WARN_COMMA = YES;
				CLANG_WARN_CONSTANT_CONVERSION = YES;
				CLANG_WARN_DEPRECATED_OBJC_IMPLEMENTATIONS = YES;
				CLANG_WARN_DIRECT_OBJC_ISA_USAGE = YES_ERROR;
				CLANG_WARN_DOCUMENTATION_COMMENTS = YES;
				CLANG_WARN_EMPTY_BODY = YES;
				CLANG_WARN_ENUM_CONVERSION = YES;
				CLANG_WARN_INFINITE_RECURSION = YES;
				CLANG_WARN_INT_CONVERSION = YES;
				CLANG_WARN_NON_LITERAL_NULL_CONVERSION = YES;
				CLANG_WARN_OBJC_IMPLICIT_RETAIN_SELF = YES;
				CLANG_WARN_OBJC_LITERAL_CONVERSION = YES;
				CLANG_WARN_OBJC_ROOT_CLASS = YES_ERROR;
				CLANG_WARN_QUOTED_INCLUDE_IN_FRAMEWORK_HEADER = YES;
				CLANG_WARN_RANGE_LOOP_ANALYSIS = YES;
				CLANG_WARN_STRICT_PROTOTYPES = YES;
				CLANG_WARN_SUSPICIOUS_MOVE = YES;
				CLANG_WARN_UNGUARDED_AVAILABILITY = YES_AGGRESSIVE;
				CLANG_WARN_UNREACHABLE_CODE = YES;
				CLANG_WARN__DUPLICATE_METHOD_MATCH = YES;
				COPY_PHASE_STRIP = NO;
				DEBUG_INFORMATION_FORMAT = "dwarf-with-dsym";
				ENABLE_NS_ASSERTIONS = NO;
				ENABLE_STRICT_OBJC_MSGSEND = YES;
				GCC_C_LANGUAGE_STANDARD = gnu11;
				GCC_NO_COMMON_BLOCKS = YES;
				GCC_WARN_64_TO_32_BIT_CONVERSION = YES;
				GCC_WARN_ABOUT_RETURN_TYPE = YES_ERROR;
				GCC_WARN_UNDECLARED_SELECTOR = YES;
				GCC_WARN_UNINITIALIZED_AUTOS = YES_AGGRESSIVE;
				GCC_WARN_UNUSED_FUNCTION = YES;
				GCC_WARN_UNUSED_VARIABLE = YES;
				IPHONEOS_DEPLOYMENT_TARGET = 14.5;
				MTL_ENABLE_DEBUG_INFO = NO;
				MTL_FAST_MATH = YES;
				SDKROOT = iphoneos;
				SWIFT_COMPILATION_MODE = wholemodule;
				SWIFT_OPTIMIZATION_LEVEL = "-O";
				VALIDATE_PRODUCT = YES;
			};
			name = Release;
		};
		D409E34E26BA215700ECBE55 /* Debug */ = {
			isa = XCBuildConfiguration;
			buildSettings = {
				ASSETCATALOG_COMPILER_APPICON_NAME = AppIcon;
				ASSETCATALOG_COMPILER_GLOBAL_ACCENT_COLOR_NAME = AccentColor;
				CODE_SIGN_STYLE = Automatic;
				DEVELOPMENT_TEAM = 8U3U9YAKAC;
				INFOPLIST_FILE = AppCachorro/Info.plist;
				LD_RUNPATH_SEARCH_PATHS = (
					"$(inherited)",
					"@executable_path/Frameworks",
				);
				PRODUCT_BUNDLE_IDENTIFIER = com.bootcamp.AppCachorro;
				PRODUCT_NAME = "$(TARGET_NAME)";
				SWIFT_VERSION = 5.0;
				TARGETED_DEVICE_FAMILY = "1,2";
			};
			name = Debug;
		};
		D409E34F26BA215700ECBE55 /* Release */ = {
			isa = XCBuildConfiguration;
			buildSettings = {
				ASSETCATALOG_COMPILER_APPICON_NAME = AppIcon;
				ASSETCATALOG_COMPILER_GLOBAL_ACCENT_COLOR_NAME = AccentColor;
				CODE_SIGN_STYLE = Automatic;
				DEVELOPMENT_TEAM = 8U3U9YAKAC;
				INFOPLIST_FILE = AppCachorro/Info.plist;
				LD_RUNPATH_SEARCH_PATHS = (
					"$(inherited)",
					"@executable_path/Frameworks",
				);
				PRODUCT_BUNDLE_IDENTIFIER = com.bootcamp.AppCachorro;
				PRODUCT_NAME = "$(TARGET_NAME)";
				SWIFT_VERSION = 5.0;
				TARGETED_DEVICE_FAMILY = "1,2";
			};
			name = Release;
		};
		D409E35126BA215700ECBE55 /* Debug */ = {
			isa = XCBuildConfiguration;
			buildSettings = {
				ALWAYS_EMBED_SWIFT_STANDARD_LIBRARIES = YES;
				BUNDLE_LOADER = "$(TEST_HOST)";
				CODE_SIGN_STYLE = Automatic;
				DEVELOPMENT_TEAM = 8U3U9YAKAC;
				INFOPLIST_FILE = AppCachorroTests/Info.plist;
				IPHONEOS_DEPLOYMENT_TARGET = 14.5;
				LD_RUNPATH_SEARCH_PATHS = (
					"$(inherited)",
					"@executable_path/Frameworks",
					"@loader_path/Frameworks",
				);
				PRODUCT_BUNDLE_IDENTIFIER = com.bootcamp.AppCachorroTests;
				PRODUCT_NAME = "$(TARGET_NAME)";
				SWIFT_VERSION = 5.0;
				TARGETED_DEVICE_FAMILY = "1,2";
				TEST_HOST = "$(BUILT_PRODUCTS_DIR)/AppCachorro.app/AppCachorro";
			};
			name = Debug;
		};
		D409E35226BA215700ECBE55 /* Release */ = {
			isa = XCBuildConfiguration;
			buildSettings = {
				ALWAYS_EMBED_SWIFT_STANDARD_LIBRARIES = YES;
				BUNDLE_LOADER = "$(TEST_HOST)";
				CODE_SIGN_STYLE = Automatic;
				DEVELOPMENT_TEAM = 8U3U9YAKAC;
				INFOPLIST_FILE = AppCachorroTests/Info.plist;
				IPHONEOS_DEPLOYMENT_TARGET = 14.5;
				LD_RUNPATH_SEARCH_PATHS = (
					"$(inherited)",
					"@executable_path/Frameworks",
					"@loader_path/Frameworks",
				);
				PRODUCT_BUNDLE_IDENTIFIER = com.bootcamp.AppCachorroTests;
				PRODUCT_NAME = "$(TARGET_NAME)";
				SWIFT_VERSION = 5.0;
				TARGETED_DEVICE_FAMILY = "1,2";
				TEST_HOST = "$(BUILT_PRODUCTS_DIR)/AppCachorro.app/AppCachorro";
			};
			name = Release;
		};
		D409E35426BA215700ECBE55 /* Debug */ = {
			isa = XCBuildConfiguration;
			buildSettings = {
				ALWAYS_EMBED_SWIFT_STANDARD_LIBRARIES = YES;
				CODE_SIGN_STYLE = Automatic;
				DEVELOPMENT_TEAM = 8U3U9YAKAC;
				INFOPLIST_FILE = AppCachorroUITests/Info.plist;
				LD_RUNPATH_SEARCH_PATHS = (
					"$(inherited)",
					"@executable_path/Frameworks",
					"@loader_path/Frameworks",
				);
				PRODUCT_BUNDLE_IDENTIFIER = com.bootcamp.AppCachorroUITests;
				PRODUCT_NAME = "$(TARGET_NAME)";
				SWIFT_VERSION = 5.0;
				TARGETED_DEVICE_FAMILY = "1,2";
				TEST_TARGET_NAME = AppCachorro;
			};
			name = Debug;
		};
		D409E35526BA215700ECBE55 /* Release */ = {
			isa = XCBuildConfiguration;
			buildSettings = {
				ALWAYS_EMBED_SWIFT_STANDARD_LIBRARIES = YES;
				CODE_SIGN_STYLE = Automatic;
				DEVELOPMENT_TEAM = 8U3U9YAKAC;
				INFOPLIST_FILE = AppCachorroUITests/Info.plist;
				LD_RUNPATH_SEARCH_PATHS = (
					"$(inherited)",
					"@executable_path/Frameworks",
					"@loader_path/Frameworks",
				);
				PRODUCT_BUNDLE_IDENTIFIER = com.bootcamp.AppCachorroUITests;
				PRODUCT_NAME = "$(TARGET_NAME)";
				SWIFT_VERSION = 5.0;
				TARGETED_DEVICE_FAMILY = "1,2";
				TEST_TARGET_NAME = AppCachorro;
			};
			name = Release;
		};
/* End XCBuildConfiguration section */

/* Begin XCConfigurationList section */
		D409E31E26BA215200ECBE55 /* Build configuration list for PBXProject "AppCachorro" */ = {
			isa = XCConfigurationList;
			buildConfigurations = (
				D409E34B26BA215700ECBE55 /* Debug */,
				D409E34C26BA215700ECBE55 /* Release */,
			);
			defaultConfigurationIsVisible = 0;
			defaultConfigurationName = Release;
		};
		D409E34D26BA215700ECBE55 /* Build configuration list for PBXNativeTarget "AppCachorro" */ = {
			isa = XCConfigurationList;
			buildConfigurations = (
				D409E34E26BA215700ECBE55 /* Debug */,
				D409E34F26BA215700ECBE55 /* Release */,
			);
			defaultConfigurationIsVisible = 0;
			defaultConfigurationName = Release;
		};
		D409E35026BA215700ECBE55 /* Build configuration list for PBXNativeTarget "AppCachorroTests" */ = {
			isa = XCConfigurationList;
			buildConfigurations = (
				D409E35126BA215700ECBE55 /* Debug */,
				D409E35226BA215700ECBE55 /* Release */,
			);
			defaultConfigurationIsVisible = 0;
			defaultConfigurationName = Release;
		};
		D409E35326BA215700ECBE55 /* Build configuration list for PBXNativeTarget "AppCachorroUITests" */ = {
			isa = XCConfigurationList;
			buildConfigurations = (
				D409E35426BA215700ECBE55 /* Debug */,
				D409E35526BA215700ECBE55 /* Release */,
			);
			defaultConfigurationIsVisible = 0;
			defaultConfigurationName = Release;
		};
/* End XCConfigurationList section */
	};
	rootObject = D409E31B26BA215200ECBE55 /* Project object */;
}
